{
  "version": 4,
  "terraform_version": "1.1.7",
  "serial": 179,
  "lineage": "d23b10a6-d075-495b-a95a-0a7ea38b3717",
  "outputs": {},
  "resources": [
    {
      "mode": "managed",
      "type": "azurerm_container_registry",
      "name": "acr",
      "provider": "provider[\"registry.terraform.io/hashicorp/azurerm\"]",
      "instances": [
        {
          "schema_version": 2,
          "attributes": {
            "admin_enabled": false,
            "admin_password": "",
            "admin_username": "",
            "anonymous_pull_enabled": false,
            "data_endpoint_enabled": false,
            "encryption": [
              {
                "enabled": false,
                "identity_client_id": "",
                "key_vault_key_id": ""
              }
            ],
            "georeplication_locations": [],
            "georeplications": [],
            "id": "/subscriptions/766e3828-314d-4503-a59d-a035baba3829/resourceGroups/AKS-RG/providers/Microsoft.ContainerRegistry/registries/acrlengochieu",
            "identity": [],
            "location": "australiaeast",
            "login_server": "acrlengochieu.azurecr.io",
            "name": "acrlengochieu",
            "network_rule_bypass_option": "AzureServices",
            "network_rule_set": [],
            "public_network_access_enabled": true,
            "quarantine_policy_enabled": false,
            "resource_group_name": "AKS-RG",
            "retention_policy": [
              {
                "days": 7,
                "enabled": false
              }
            ],
            "sku": "Standard",
            "storage_account_id": "",
            "tags": {},
            "timeouts": null,
            "trust_policy": [
              {
                "enabled": false
              }
            ],
            "zone_redundancy_enabled": false
          },
          "sensitive_attributes": [],
          "private": "eyJlMmJmYjczMC1lY2FhLTExZTYtOGY4OC0zNDM2M2JjN2M0YzAiOnsiY3JlYXRlIjoxODAwMDAwMDAwMDAwLCJkZWxldGUiOjE4MDAwMDAwMDAwMDAsInJlYWQiOjMwMDAwMDAwMDAwMCwidXBkYXRlIjoxODAwMDAwMDAwMDAwfSwic2NoZW1hX3ZlcnNpb24iOiIyIn0=",
          "dependencies": [
            "azurerm_resource_group.aks_rg"
          ]
        }
      ]
    },
    {
      "mode": "managed",
      "type": "azurerm_kubernetes_cluster",
      "name": "aks",
      "provider": "provider[\"registry.terraform.io/hashicorp/azurerm\"]",
      "instances": [
        {
          "schema_version": 1,
          "attributes": {
            "addon_profile": [
              {
                "aci_connector_linux": [
                  {
                    "enabled": false,
                    "subnet_name": ""
                  }
                ],
                "azure_keyvault_secrets_provider": [
                  {
                    "enabled": false,
                    "secret_identity": [],
                    "secret_rotation_enabled": false,
                    "secret_rotation_interval": ""
                  }
                ],
                "azure_policy": [
                  {
                    "enabled": false
                  }
                ],
                "http_application_routing": [
                  {
                    "enabled": false,
                    "http_application_routing_zone_name": ""
                  }
                ],
                "ingress_application_gateway": [
                  {
                    "effective_gateway_id": "",
                    "enabled": false,
                    "gateway_id": "",
                    "gateway_name": "",
                    "ingress_application_gateway_identity": [],
                    "subnet_cidr": "",
                    "subnet_id": ""
                  }
                ],
                "kube_dashboard": [
                  {
                    "enabled": false
                  }
                ],
                "oms_agent": [
                  {
                    "enabled": false,
                    "log_analytics_workspace_id": "",
                    "oms_agent_identity": []
                  }
                ],
                "open_service_mesh": [
                  {
                    "enabled": false
                  }
                ]
              }
            ],
            "api_server_authorized_ip_ranges": [],
            "auto_scaler_profile": [],
            "automatic_channel_upgrade": "",
            "default_node_pool": [
              {
                "availability_zones": [],
                "enable_auto_scaling": false,
                "enable_host_encryption": false,
                "enable_node_public_ip": false,
                "fips_enabled": false,
                "kubelet_config": [],
                "kubelet_disk_type": "OS",
                "linux_os_config": [],
                "max_count": 0,
                "max_pods": 110,
                "min_count": 0,
                "name": "default",
                "node_count": 1,
                "node_labels": {},
                "node_public_ip_prefix_id": "",
                "node_taints": [],
                "only_critical_addons_enabled": false,
                "orchestrator_version": "1.21.9",
                "os_disk_size_gb": 128,
                "os_disk_type": "Managed",
                "os_sku": "Ubuntu",
                "pod_subnet_id": "",
                "proximity_placement_group_id": "",
                "tags": {},
                "type": "VirtualMachineScaleSets",
                "ultra_ssd_enabled": false,
                "upgrade_settings": [],
                "vm_size": "Standard_B2s",
                "vnet_subnet_id": ""
              }
            ],
            "disk_encryption_set_id": "",
            "dns_prefix": "exampleaks1",
            "dns_prefix_private_cluster": "",
            "enable_pod_security_policy": false,
            "fqdn": "exampleaks1-9023f39e.hcp.australiaeast.azmk8s.io",
            "http_proxy_config": [],
            "id": "/subscriptions/766e3828-314d-4503-a59d-a035baba3829/resourceGroups/AKS-RG/providers/Microsoft.ContainerService/managedClusters/myakslengochieu",
            "identity": [
              {
                "principal_id": "1eaf569d-f2c8-4a6c-b740-c55c33bca85f",
                "tenant_id": "d77fcdfa-f2c1-4406-9662-273bde4fe9a9",
                "type": "SystemAssigned",
                "user_assigned_identity_id": ""
              }
            ],
            "kube_admin_config": [],
            "kube_admin_config_raw": "",
            "kube_config": [
              {
                "client_certificate": "LS0tLS1CRUdJTiBDRVJUSUZJQ0FURS0tLS0tCk1JSUZIVENDQXdXZ0F3SUJBZ0lRTWppZDg3V1dCK3FNR0I1QWJXUE9DREFOQmdrcWhraUc5dzBCQVFzRkFEQU4KTVFzd0NRWURWUVFERXdKallUQWVGdzB5TWpBME1EY3dNak16TkRSYUZ3MHlOREEwTURjd01qUXpORFJhTURBeApGekFWQmdOVkJBb1REbk41YzNSbGJUcHRZWE4wWlhKek1SVXdFd1lEVlFRREV3eHRZWE4wWlhKamJHbGxiblF3CmdnSWlNQTBHQ1NxR1NJYjNEUUVCQVFVQUE0SUNEd0F3Z2dJS0FvSUNBUURFUXpUOVNnM3gyTTdoWk11K2NDeWgKa3hnRW1GWk9ubVZtS2dldG9pbHhHVmpMZkFmc3JzNnVzVEdaQmljdTMva0h4TzNtTEw3SFNYK2dCQzJuWnVBNApSY1JSRERHVkkrR0UrSTgwd1JqU01aNDEra01pa05zQnJ6bHA2cUhOT01XVFRjVVN2Qzc0T1FsQmNWbExoVGllCm5tU3I2TU5PUkZIK0VheFNUT1B1aGt0dXBBQVcwcVdCenM5cHg4RlNoc0hYbEIzeFkwajhqM1VNOW9JdmlBcVAKNlVqZ2VyWEF1c0hyTGwrTEgwZlZZNnN1NzM0YzBlNWJ1TVFnTXJnbW5UQnNUTVhEdHladWFsdnl1aEJONWphVgp0RDl1RGJURXJTMHpwSmFVQ29pcjJoTmdtd01GdVl1cS9oWnAzdG5OeTJ0Q2NiQTdHZlBBRFpnUnZhUEVCRmFjCjJjbzFlZ3FzTU1EN2pvOVhia1VVNUVtSjArLzVBVFpsd1R4TFRVdWI1NEtwdVo1aklzcndIdmdPK1RYekZ2WnEKL0diL1BGRUlyeHpoY3JnMXZzNksvQ2RaWmduWXgvVjNxQ2QrMUV3QnhINnNjSWVWL0ZTWnBYemxxRGRWTWpseQorWXJTakRrMC9NSmZQZzRia3o0ZUhSUURRaElXdDBpanppM3dxaHlmYVhZOGZYRHJrMzFhOFliRTJ6OEN6VTErClJFZEMrM3p1QXBtZVQ1S0prTzFjd1YrNHIxNzZYdE90S01QL2Z0V2t1OHV2MmszcWMrd3Q4cjdtNE0vTVJtb2gKY0sySGNLTmRLQWk1RUtDOU5uVEdpdHJpLzZHR0VZYWpaYkRGNzZvOTd4UzVtc05wLzI1TzQrNHJFWWlsM29kMQowYWNyTW1HQ0JyL04vd045YVhOY1V3SURBUUFCbzFZd1ZEQU9CZ05WSFE4QkFmOEVCQU1DQmFBd0V3WURWUjBsCkJBd3dDZ1lJS3dZQkJRVUhBd0l3REFZRFZSMFRBUUgvQkFJd0FEQWZCZ05WSFNNRUdEQVdnQlNhMVg0YURZd2wKWWRyRStWQmVBOXZIWnBuNGF6QU5CZ2txaGtpRzl3MEJBUXNGQUFPQ0FnRUFTMzY2dEZKSlJEZXROVGE2WlJHTwo1Z08ybEV5L2xnaXFkTVlSQWg0VXd4bFRtYnJ5QUoyRXp4bGZXdDBPUXpHSlRsaE9UM3RPeXdYYW5kclRrczJSCndlMFpnRDNkSVlYVlpGdys2bXQ4SStvSTNiTEF2MERNc0NSVXQ3SjZRck5jNzhJL3VnWUZVYjZDenE2eU9qRUgKWHRlM0doc1VTQSszcFBKNmRaNjJZaFlOZnlwaU5VSEN5YUZzUC9rRHpyOHhEL2xSdGpSOU5ORFhyanpkSlVWbwpPQjdhTlU0cWtEYjBTYTh3ZFYvV2JYQXRLMUYxeG1rNUY2VW1SZzc5aDRYWHN4V09XRU9lUHA0M1JFbkEwNFlOCkk0UlYxQTBNUXZzTlYzMWFoOXJmZ2tBR0N1ek1idW1WSGNuYnZHWHlySFZ3S1lxR0N4TDJUT2FIbTMyWG9lUWgKcWl1UHFNc1QrQ1ZxY0ZOWXorZGdoL2w2cDJraC9qN1dqR0Z6eWFvcWJSQUhWOGhKTjRabU9pOFYzWXlXQVZhTApSMzdHUzFuWmE2SjJzMVJtQnAxdFRzQ1lZMEIxM3hsNDRjRy85am5tYWlEMzRJQzNnUk5RNnRYa3Z1NnBmMzNkCng1Ri9KNENRUHRXS1cyL0J5UkFGU09wWWxadkwyS1Ura2tkaHhaVnFXSjE2LzI1akMrQUpRWkVJU3QxbUlkMzUKMjh1RDJXVXZyNmpJaHhJWThnZnlialV4aXc5ZW91cWJKTWxiay9qZVQ4a0wzVkRMRHl3YnNWa1hZWXVtYkdEbwppbUZ1STJlMmtHQm5QTVdjUytIakZUNkw1Nk16OHZBQ1VKMUIzTm1HeDQ1d0ZSMURKYlNUb3ZSNG1ONGtKYk5xCjBzaDE5UlExNHQ4ZEdMR3dzNDh1eTlBPQotLS0tLUVORCBDRVJUSUZJQ0FURS0tLS0tCg==",
                "client_key": "LS0tLS1CRUdJTiBSU0EgUFJJVkFURSBLRVktLS0tLQpNSUlKS2dJQkFBS0NBZ0VBeEVNMC9Vb044ZGpPNFdUTHZuQXNvWk1ZQkpoV1RwNWxaaW9IcmFJcGNSbFl5M3dICjdLN09yckV4bVFZbkx0LzVCOFR0NWl5K3gwbC9vQVF0cDJiZ09FWEVVUXd4bFNQaGhQaVBOTUVZMGpHZU5mcEQKSXBEYkFhODVhZXFoelRqRmswM0ZFcnd1K0RrSlFYRlpTNFU0bnA1a3ErakRUa1JSL2hHc1Vremo3b1pMYnFRQQpGdEtsZ2M3UGFjZkJVb2JCMTVRZDhXTkkvSTkxRFBhQ0w0Z0tqK2xJNEhxMXdMckI2eTVmaXg5SDFXT3JMdTkrCkhOSHVXN2pFSURLNEpwMHdiRXpGdzdjbWJtcGI4cm9RVGVZMmxiUS9iZzIweEswdE02U1dsQXFJcTlvVFlKc0QKQmJtTHF2NFdhZDdaemN0clFuR3dPeG56d0EyWUViMmp4QVJXbk5uS05Yb0tyRERBKzQ2UFYyNUZGT1JKaWRQdgorUUUyWmNFOFMwMUxtK2VDcWJtZVl5TEs4Qjc0RHZrMTh4YjJhdnhtL3p4UkNLOGM0WEs0TmI3T2l2d25XV1lKCjJNZjFkNmduZnRSTUFjUitySENIbGZ4VW1hVjg1YWczVlRJNWN2bUswb3c1TlB6Q1h6NE9HNU0rSGgwVUEwSVMKRnJkSW84NHQ4S29jbjJsMlBIMXc2NU45V3ZHR3hOcy9BczFOZmtSSFF2dDg3Z0tabmsrU2laRHRYTUZmdUs5ZQorbDdUclNqRC8zN1ZwTHZMcjlwTjZuUHNMZksrNXVEUHpFWnFJWEN0aDNDalhTZ0l1UkNndlRaMHhvcmE0ditoCmhoR0dvMld3eGUrcVBlOFV1WnJEYWY5dVR1UHVLeEdJcGQ2SGRkR25LekpoZ2dhL3pmOERmV2x6WEZNQ0F3RUEKQVFLQ0FnRUFqUXZydWhpTmV3Q2dkVldXSTAvRWszMzk1ZGVCTjFFWWVGcStWK2ZSdHFsTHFqbUNESFA0cjQxQwpvc0hNU1NESGZQRG5NK04yWEF5VFB2R2h5Y3ZpV2k2eGpybWZySm96eWZkRUc5cW1OdkZYelYwRkFJTndFWDdYCldTbzVqQjQveDhROVhHQ0h0UFp3azJxZGpPdTZMQ3lURndUWno1YkVBajY3UkE1a1JKaVkvM08zYUsrTUtJVHoKaFFiOUJZMDVJL0Fic00zMHR5VjJMcEcrTCtDcURwRE9RaDJPSDJ0WVQrZHMzTFBuVVJFbkJqMHh1ZzZaS2F2WQpyM2NqNXdSU3Q1SlpFblcrbGQyMEpQWFpIOUxSNmJhM1d5VllnM3dkbng2cTVNdkpPeEFubXVic1BpSUJvU3FuCit3QWdNWWorbGFyVXh6UzRlNDZKZWo1NndqV0g5RUFVUmhEODh6UnJxY3JWQmJWQ2d0M3F6NTIva3RON1paN1UKcFc0eEN4dTlTM0pFbjhCTWdqQVA1TllONkZZam1hQnVpU3FpUnZOTFhoNElzdnNsSVU2WFRLMCtKUlNzTktOZApWaC9HY2JRTzFnNkhnTDZFZjBDVHVqYWhhMFZvS1d0bzFvY3BmSUJtSGhDN1RTNHV2SDhpOW9MT3N2SFZsdmM4CmFmWjgrV0lrQXpkTlczbHJ5b0hIeVRiV3lvM0l3eXdleTFOT0VkNEVuazB3Q0RPdDZqekhidDhkM2JnYjhLbGIKNXFLaXpEVStvZFY5UXdqZitOTU4vRGpHcHBGMDBCVld5S1BSVklvNVdWdUNlZGQ2T3VpVXlSREUzSm5GQklKSgo3VFk3bWo0TmdlSFEza1lhR3NEWkhTOXQvb2plbzJta2VLdzlBendxeE9icTlKTkVmQ0VDZ2dFQkFNMHlDVVgrCmNUVzVKMklDc1FvWDdubDdQYVMvdy9oa3lKMzBiSjNhUE0wL3JIbDhlZlVmbEZsU2plbFdwUGVacVc5MFVaeWYKMzAxYk5wN0pacG80NmFkMEhBR3Y4NzQ5VU1oWGdXYmFxMWsrQWU2TGpBZzFrRFVEL1liZjhCQ1dMZ001U0J5UwowS0JTSDB2SVd2ZUUxY2hWNWhrVlFYZ3Qzc3UxKzNMR2hGVDRDVnl0NSsxMEl1MVdySEQ1SWhxSnZaT2R0dkQ0CjZ5SGwvNkNscVc5RmEyOENQRHg2TjNOR3NyQjBLWjhGYmM4UDFPYmUxbXh6NTllbUpqVFlaakpkWlBGa3BxZjAKUEVRcmlNc08yL3BvNi9MZGtubis0WW9zeFFZUFBuNHdIaXBWWWFMaXpVeGo0QUd2aUdyM3MrT2Z0OVlnWGU1ZQp3OXVnaUd5cDl3czFTekVDZ2dFQkFQVGErUEpLYTdUaDdxeVVqNWdJc0dGdjRldUZ3YkM4MHJEdzZkOUc0YlJmCnFPYkw2RFMwN1hFb3FQRUhLK0VtU0w1OWladXgwN2V0VEh2dzJPcWgwRlpka2xmOSt5STV6NGZHclRDc0hPcGgKK283SUlUUzVnQXMraURvUU92eVBrcFRacWd4VndxTlZmUzZVeXpueWtVcGhYZW1zNkVvQ3E1Ymp6NFhBckJGUgpDbkt5V3lpNDdESUhNYjcyRmFLMDlwd0hwRDBmUlhkQ0tuWEdyejlXZit1SkVEVEFwN3VLd2E5bGExYWJNQ0xBClZBR3ZWUXZVTll0T0owMnlPMTlESHAyUTE2TnN4Q2VIaDVIZ3RQbUVZWUY3dk12NjZwWktIQ3FmZTQrS2dQR2IKV0hqVktNajV6cUloUUdvWXlwYzkxakNwekdMLzJVSGVmaVpvNElpNjlzTUNnZ0VCQUpyWWw0YnFiQ1JPaFJuQgpUamgvdHNhVjZmN1pkOW1LdEpuK1Nia1ZaNnk3MER3ZFl5dEhtWHVPZ09rRktaaHZyUjBlZWpmbnJXdUMyY1VaCjF3T3F6eWcreHFPL1ZBREw1SnBLN3F2ZmVFN3dMQ1VIeWJTb054cksyQmRnQnBsOXUxdFRic2VoUXk2NHlrVTEKL08rc25tZC82eFFpcGpVNjZGWnlEajZlOEYzdWo2SVEybVNtcjNUTFkzWWRpMDdiZ3VSU3NDdElyS2Y0R04veQpJOXFFV0g1OUFWZmlJdFlyRTgxMDI3UFZOUGg4eWYwdlRFQ3JkdG1WMkY4b3JuWnpaQ21GK3Yzam9WY1FRenA1CkRDZjc1Wkp4QW9odGYyWDJRdmcvcUxreE5wSmJ2RUpmUk8zUXNNcVUzQzFjbjdPMlk5U0N1RitadzlPSllXb2YKR1A2c1NRRUNnZ0VCQUtLRnBhL016ZWpsL2ZIM09jaUVHKzdRd0hmLzlDeEhhT0doUnRxNHhaOWZ6MUJDRUFMTQpCTDZUYW05eGZ5S1dzcm9kd1hUaWQ5RDI2a2xwOTlEbFRzL0VsQnBycm9GdE5kNjlkTDlWdm11a1ZSYm9wNEhECmpzWG4zNndLa2R5SnY1V2xWRVdUdHZtTENPZ2VRelpYVnpDenFBNHVncEI5YlQ5ZVBxUmMydGt6bldlOEV0M1kKd0k0RVVIU2NDb2hRN1U5cmt3d3U4WURUSGpQR2lSUFZhbHNBUXcyQXd0U3NxUnF1aXF5Vm5VR3p2dzdQUGZmNApCd0pNQWJLRWx2d0lKUTRZMGNqYnJPZEFBakJGb2xuc0VIeE5rV2NqU1Fvd2JybXIyZXZRMXYySFN4WUpCbVUvCnluTzY5bkoxdWlMaEhJWjRiZjFZTFBDWHFjdjgyT3hvak5rQ2dnRUFSU1RXazVaMXF1aUlzcXJpUGtHb2VtZG8KT3J0cGZQcERJdHhkMk1td2JhUTVwVGZBSXBzSzNPcVR6OTU1V25rRjZTTmVCaEpUWnR0clpOWTcxaVBxM1ZJSwpWaFlvR3RoSmFjUzRhdy92YytKczlOejJxejhpSm8vNnpBSHFuWU9Sc3dtV0VkSk9INTRRQ1FtQW4xa241c2N3CkNsNVduQzhDelIvaHkzWGs5QUJBTk4xcDV5anQxeDNoNThjWU1VMTY0SjRSQS9Oa1hTVUFiaEJ0b0ptZFhqcncKZXZKZlJYR08rUzZWL1U1NUxieHE1eDNFbjZaaXV5eDd3b3VkemZ1ZTRNSjlVNllSVEFSYllTTTQzSy9iUVRlNQozVjNyOG41ODF3RENndkV2QjR3MXdXQUNOcFJHNE1IYkorSFFOMWZLdjZobG4rSGd2aXh6MHVQclZJcFhaQT09Ci0tLS0tRU5EIFJTQSBQUklWQVRFIEtFWS0tLS0tCg==",
                "cluster_ca_certificate": "LS0tLS1CRUdJTiBDRVJUSUZJQ0FURS0tLS0tCk1JSUU2VENDQXRHZ0F3SUJBZ0lSQUtjSlRSeTQzVWJWV0MyeTdYZFI1Z013RFFZSktvWklodmNOQVFFTEJRQXcKRFRFTE1Ba0dBMVVFQXhNQ1kyRXdJQmNOTWpJd05EQTNNREl6TXpRMFdoZ1BNakExTWpBME1EY3dNalF6TkRSYQpNQTB4Q3pBSkJnTlZCQU1UQW1OaE1JSUNJakFOQmdrcWhraUc5dzBCQVFFRkFBT0NBZzhBTUlJQ0NnS0NBZ0VBCnpOZy9XSUZpQVlmWFFNU1VDYlVQRnBQU2JHb2Z3Zi9GTFY4MUFpSW5mU0tCUmMwMk80dmtVVGYvRURpQ0dzZGkKcjY5MjF3dlZ6N3VTYmVHQWpUV05VcExxdDFKQmdOVTR3bGdjV3M4RC9Xa28wbXo4b1p5N1h3SnZXUDRrVXJMawoxejRHOXVDUS9tN1krV0w3Qnl2TUNlRC8xdGRxd3BYMk9nRk83WkFKb0o5NlRtOTFUc0FEM1pJZnlKVEJaeGFXCnE4d3B6cmZQYkdneGxUQ2ZtSkxmbkw5bnhjbVd0cFV3ajZwV1VDMnRtYTdRb0R3V1luemZRUi92SEIwbUM5K3gKT25NeHFYaXZtbGE3UkVmR283dmdrUyt5WjJ5RHdWSzZhNjN5QmgwQzBVSGN6VkVCTTg4aVp4Y3ZadldxTFlTUgpBMnNrajJ1SW1sb1pSVHZVZXFNQTdjRE9lQ3FuUWNqUVVIQm9WRnR5VWJkR054dUVCU3hXZGp1L1hXbWVQN3NYCkdBTzg5UmJXcTk3T3ZJcG5rL21hSjcxSVpQV1VqalVKUjc0cGpPMkpPS0RWRXJwWVhoR0xIYUs3aUxJN0lRS0cKVGpEampTNys5UGlPMkloSUYvRFAwZEZ5di94SnpvU3k0S1BoaFo5Lzc4WnQyOThmT1RtWDgyaGhab09SSDdWKwpEOVZOelU3UUxWY1JUYlFXQnlzcmV2aFQ5ZkkyNWdIME9SWWpLVGxmc2dGZWUvV3ZjNE5sZmdXYTliczNrR241ClNIdlhHWmZDVWI2TXlJbXFkQTdQS09kUGxRVExtYUozSFpYVkQ0NlVYQ25peXIrMVJTTnNGT1d4NUZ2bFVsN0cKNlZTdjlCVXp5c05TOEZjNEdFbkpSdTBlQzhQWVpKSUpHQ21nYzBQdmpXa0NBd0VBQWFOQ01FQXdEZ1lEVlIwUApBUUgvQkFRREFnS2tNQThHQTFVZEV3RUIvd1FGTUFNQkFmOHdIUVlEVlIwT0JCWUVGSnJWZmhvTmpDVmgyc1Q1ClVGNEQyOGRtbWZock1BMEdDU3FHU0liM0RRRUJDd1VBQTRJQ0FRQTY0WmtQenU2UlhjbExCaXZtb1JGY1V4Y2sKRVJrbjBUSS84WGpoSncvNVhwZ0xJbzliZXRacUlnSWhmVXY0ekwyQXBPdWZ3dnB5cmhMVWpZTnRvNk45MHlmUgo3a3UxWkxWN3pEQ0xwU0Fla2JydmZ6UWdwZVIvYXZsTUxXQStXNmNmcXVpZ04wZ1FTeVdGY21Jait6Wm1xVTFiCmcrMElJTzhEVGRXSEN1SENmSzQ3djN6SHRaRCtRRzJ2a1FMb2pZcjlEWDFLR2pkR2llZWY1MlBEckFVVVN4RDYKdVFYU1dNbXNrazVXWHh6L0trbHJPTVM2N1hGcHZiMzhHYm4wa0hLbDR0YTlOb01SRkwwY0lRUGRIM25qckVxNwplUm1WN2x2SEV2NU42bmRrNGN4d1R2eU1HTjRuVE1JZkZSVFJKdmlyRmtOU1FvS042TE93VkxSREJkeFZPMi9kCjUvOW1ST3NndGVEVDlXZHkwMGdMQURSaG44Qmx6eVpVM2E1TGtCWkhDZVBsYXBXTjFnMnlQTUJuNjNIVktxV3EKdXFma3NFcDBVUCthTjRYZGlKeGtvaE82UU1rUlRla2Q2NzgzWnBiSzB5V3B6M1NRb01Zb0NWdWtxTDI0OVVWeQpycFNYNW9TMmtDcG1zdGF6d3Z6OEk0T1Babkl6UVVLMmZYc2w3VzlQY29HNG5xK3U4TUtmQXRmZWZ6ZXFEY3czCnU5OEw2YmtLTk80OTBlak4zUTY0RHVRQ2ordVVqdDBnbmxiZjVHZjJ3cDYyaVkzcXNJOFFOQzV5MThyNVRFakEKVHRablJ5UENyUnY3cFNWMm5BYTkvWFRSNjZIeGVCckF4VS9MdXdIdXk1bEkwS09mbGRQZmdLcS9EMU5sUC9pTAp5TGFTN1NQalVndW5vdGovb3c9PQotLS0tLUVORCBDRVJUSUZJQ0FURS0tLS0tCg==",
                "host": "https://exampleaks1-9023f39e.hcp.australiaeast.azmk8s.io:443",
                "password": "b1dd8a745e025d2374bfee34a134f586675af3783b0fa53f606ef6c38bb264547c060677307c2fabe0780fecfb3208e94a7f4b6963e741058fa343376bd4ed95",
                "username": "clusterUser_AKS-RG_myakslengochieu"
              }
            ],
            "kube_config_raw": "apiVersion: v1\nclusters:\n- cluster:\n    certificate-authority-data: LS0tLS1CRUdJTiBDRVJUSUZJQ0FURS0tLS0tCk1JSUU2VENDQXRHZ0F3SUJBZ0lSQUtjSlRSeTQzVWJWV0MyeTdYZFI1Z013RFFZSktvWklodmNOQVFFTEJRQXcKRFRFTE1Ba0dBMVVFQXhNQ1kyRXdJQmNOTWpJd05EQTNNREl6TXpRMFdoZ1BNakExTWpBME1EY3dNalF6TkRSYQpNQTB4Q3pBSkJnTlZCQU1UQW1OaE1JSUNJakFOQmdrcWhraUc5dzBCQVFFRkFBT0NBZzhBTUlJQ0NnS0NBZ0VBCnpOZy9XSUZpQVlmWFFNU1VDYlVQRnBQU2JHb2Z3Zi9GTFY4MUFpSW5mU0tCUmMwMk80dmtVVGYvRURpQ0dzZGkKcjY5MjF3dlZ6N3VTYmVHQWpUV05VcExxdDFKQmdOVTR3bGdjV3M4RC9Xa28wbXo4b1p5N1h3SnZXUDRrVXJMawoxejRHOXVDUS9tN1krV0w3Qnl2TUNlRC8xdGRxd3BYMk9nRk83WkFKb0o5NlRtOTFUc0FEM1pJZnlKVEJaeGFXCnE4d3B6cmZQYkdneGxUQ2ZtSkxmbkw5bnhjbVd0cFV3ajZwV1VDMnRtYTdRb0R3V1luemZRUi92SEIwbUM5K3gKT25NeHFYaXZtbGE3UkVmR283dmdrUyt5WjJ5RHdWSzZhNjN5QmgwQzBVSGN6VkVCTTg4aVp4Y3ZadldxTFlTUgpBMnNrajJ1SW1sb1pSVHZVZXFNQTdjRE9lQ3FuUWNqUVVIQm9WRnR5VWJkR054dUVCU3hXZGp1L1hXbWVQN3NYCkdBTzg5UmJXcTk3T3ZJcG5rL21hSjcxSVpQV1VqalVKUjc0cGpPMkpPS0RWRXJwWVhoR0xIYUs3aUxJN0lRS0cKVGpEampTNys5UGlPMkloSUYvRFAwZEZ5di94SnpvU3k0S1BoaFo5Lzc4WnQyOThmT1RtWDgyaGhab09SSDdWKwpEOVZOelU3UUxWY1JUYlFXQnlzcmV2aFQ5ZkkyNWdIME9SWWpLVGxmc2dGZWUvV3ZjNE5sZmdXYTliczNrR241ClNIdlhHWmZDVWI2TXlJbXFkQTdQS09kUGxRVExtYUozSFpYVkQ0NlVYQ25peXIrMVJTTnNGT1d4NUZ2bFVsN0cKNlZTdjlCVXp5c05TOEZjNEdFbkpSdTBlQzhQWVpKSUpHQ21nYzBQdmpXa0NBd0VBQWFOQ01FQXdEZ1lEVlIwUApBUUgvQkFRREFnS2tNQThHQTFVZEV3RUIvd1FGTUFNQkFmOHdIUVlEVlIwT0JCWUVGSnJWZmhvTmpDVmgyc1Q1ClVGNEQyOGRtbWZock1BMEdDU3FHU0liM0RRRUJDd1VBQTRJQ0FRQTY0WmtQenU2UlhjbExCaXZtb1JGY1V4Y2sKRVJrbjBUSS84WGpoSncvNVhwZ0xJbzliZXRacUlnSWhmVXY0ekwyQXBPdWZ3dnB5cmhMVWpZTnRvNk45MHlmUgo3a3UxWkxWN3pEQ0xwU0Fla2JydmZ6UWdwZVIvYXZsTUxXQStXNmNmcXVpZ04wZ1FTeVdGY21Jait6Wm1xVTFiCmcrMElJTzhEVGRXSEN1SENmSzQ3djN6SHRaRCtRRzJ2a1FMb2pZcjlEWDFLR2pkR2llZWY1MlBEckFVVVN4RDYKdVFYU1dNbXNrazVXWHh6L0trbHJPTVM2N1hGcHZiMzhHYm4wa0hLbDR0YTlOb01SRkwwY0lRUGRIM25qckVxNwplUm1WN2x2SEV2NU42bmRrNGN4d1R2eU1HTjRuVE1JZkZSVFJKdmlyRmtOU1FvS042TE93VkxSREJkeFZPMi9kCjUvOW1ST3NndGVEVDlXZHkwMGdMQURSaG44Qmx6eVpVM2E1TGtCWkhDZVBsYXBXTjFnMnlQTUJuNjNIVktxV3EKdXFma3NFcDBVUCthTjRYZGlKeGtvaE82UU1rUlRla2Q2NzgzWnBiSzB5V3B6M1NRb01Zb0NWdWtxTDI0OVVWeQpycFNYNW9TMmtDcG1zdGF6d3Z6OEk0T1Babkl6UVVLMmZYc2w3VzlQY29HNG5xK3U4TUtmQXRmZWZ6ZXFEY3czCnU5OEw2YmtLTk80OTBlak4zUTY0RHVRQ2ordVVqdDBnbmxiZjVHZjJ3cDYyaVkzcXNJOFFOQzV5MThyNVRFakEKVHRablJ5UENyUnY3cFNWMm5BYTkvWFRSNjZIeGVCckF4VS9MdXdIdXk1bEkwS09mbGRQZmdLcS9EMU5sUC9pTAp5TGFTN1NQalVndW5vdGovb3c9PQotLS0tLUVORCBDRVJUSUZJQ0FURS0tLS0tCg==\n    server: https://exampleaks1-9023f39e.hcp.australiaeast.azmk8s.io:443\n  name: myakslengochieu\ncontexts:\n- context:\n    cluster: myakslengochieu\n    user: clusterUser_AKS-RG_myakslengochieu\n  name: myakslengochieu\ncurrent-context: myakslengochieu\nkind: Config\npreferences: {}\nusers:\n- name: clusterUser_AKS-RG_myakslengochieu\n  user:\n    client-certificate-data: LS0tLS1CRUdJTiBDRVJUSUZJQ0FURS0tLS0tCk1JSUZIVENDQXdXZ0F3SUJBZ0lRTWppZDg3V1dCK3FNR0I1QWJXUE9DREFOQmdrcWhraUc5dzBCQVFzRkFEQU4KTVFzd0NRWURWUVFERXdKallUQWVGdzB5TWpBME1EY3dNak16TkRSYUZ3MHlOREEwTURjd01qUXpORFJhTURBeApGekFWQmdOVkJBb1REbk41YzNSbGJUcHRZWE4wWlhKek1SVXdFd1lEVlFRREV3eHRZWE4wWlhKamJHbGxiblF3CmdnSWlNQTBHQ1NxR1NJYjNEUUVCQVFVQUE0SUNEd0F3Z2dJS0FvSUNBUURFUXpUOVNnM3gyTTdoWk11K2NDeWgKa3hnRW1GWk9ubVZtS2dldG9pbHhHVmpMZkFmc3JzNnVzVEdaQmljdTMva0h4TzNtTEw3SFNYK2dCQzJuWnVBNApSY1JSRERHVkkrR0UrSTgwd1JqU01aNDEra01pa05zQnJ6bHA2cUhOT01XVFRjVVN2Qzc0T1FsQmNWbExoVGllCm5tU3I2TU5PUkZIK0VheFNUT1B1aGt0dXBBQVcwcVdCenM5cHg4RlNoc0hYbEIzeFkwajhqM1VNOW9JdmlBcVAKNlVqZ2VyWEF1c0hyTGwrTEgwZlZZNnN1NzM0YzBlNWJ1TVFnTXJnbW5UQnNUTVhEdHladWFsdnl1aEJONWphVgp0RDl1RGJURXJTMHpwSmFVQ29pcjJoTmdtd01GdVl1cS9oWnAzdG5OeTJ0Q2NiQTdHZlBBRFpnUnZhUEVCRmFjCjJjbzFlZ3FzTU1EN2pvOVhia1VVNUVtSjArLzVBVFpsd1R4TFRVdWI1NEtwdVo1aklzcndIdmdPK1RYekZ2WnEKL0diL1BGRUlyeHpoY3JnMXZzNksvQ2RaWmduWXgvVjNxQ2QrMUV3QnhINnNjSWVWL0ZTWnBYemxxRGRWTWpseQorWXJTakRrMC9NSmZQZzRia3o0ZUhSUURRaElXdDBpanppM3dxaHlmYVhZOGZYRHJrMzFhOFliRTJ6OEN6VTErClJFZEMrM3p1QXBtZVQ1S0prTzFjd1YrNHIxNzZYdE90S01QL2Z0V2t1OHV2MmszcWMrd3Q4cjdtNE0vTVJtb2gKY0sySGNLTmRLQWk1RUtDOU5uVEdpdHJpLzZHR0VZYWpaYkRGNzZvOTd4UzVtc05wLzI1TzQrNHJFWWlsM29kMQowYWNyTW1HQ0JyL04vd045YVhOY1V3SURBUUFCbzFZd1ZEQU9CZ05WSFE4QkFmOEVCQU1DQmFBd0V3WURWUjBsCkJBd3dDZ1lJS3dZQkJRVUhBd0l3REFZRFZSMFRBUUgvQkFJd0FEQWZCZ05WSFNNRUdEQVdnQlNhMVg0YURZd2wKWWRyRStWQmVBOXZIWnBuNGF6QU5CZ2txaGtpRzl3MEJBUXNGQUFPQ0FnRUFTMzY2dEZKSlJEZXROVGE2WlJHTwo1Z08ybEV5L2xnaXFkTVlSQWg0VXd4bFRtYnJ5QUoyRXp4bGZXdDBPUXpHSlRsaE9UM3RPeXdYYW5kclRrczJSCndlMFpnRDNkSVlYVlpGdys2bXQ4SStvSTNiTEF2MERNc0NSVXQ3SjZRck5jNzhJL3VnWUZVYjZDenE2eU9qRUgKWHRlM0doc1VTQSszcFBKNmRaNjJZaFlOZnlwaU5VSEN5YUZzUC9rRHpyOHhEL2xSdGpSOU5ORFhyanpkSlVWbwpPQjdhTlU0cWtEYjBTYTh3ZFYvV2JYQXRLMUYxeG1rNUY2VW1SZzc5aDRYWHN4V09XRU9lUHA0M1JFbkEwNFlOCkk0UlYxQTBNUXZzTlYzMWFoOXJmZ2tBR0N1ek1idW1WSGNuYnZHWHlySFZ3S1lxR0N4TDJUT2FIbTMyWG9lUWgKcWl1UHFNc1QrQ1ZxY0ZOWXorZGdoL2w2cDJraC9qN1dqR0Z6eWFvcWJSQUhWOGhKTjRabU9pOFYzWXlXQVZhTApSMzdHUzFuWmE2SjJzMVJtQnAxdFRzQ1lZMEIxM3hsNDRjRy85am5tYWlEMzRJQzNnUk5RNnRYa3Z1NnBmMzNkCng1Ri9KNENRUHRXS1cyL0J5UkFGU09wWWxadkwyS1Ura2tkaHhaVnFXSjE2LzI1akMrQUpRWkVJU3QxbUlkMzUKMjh1RDJXVXZyNmpJaHhJWThnZnlialV4aXc5ZW91cWJKTWxiay9qZVQ4a0wzVkRMRHl3YnNWa1hZWXVtYkdEbwppbUZ1STJlMmtHQm5QTVdjUytIakZUNkw1Nk16OHZBQ1VKMUIzTm1HeDQ1d0ZSMURKYlNUb3ZSNG1ONGtKYk5xCjBzaDE5UlExNHQ4ZEdMR3dzNDh1eTlBPQotLS0tLUVORCBDRVJUSUZJQ0FURS0tLS0tCg==\n    client-key-data: LS0tLS1CRUdJTiBSU0EgUFJJVkFURSBLRVktLS0tLQpNSUlKS2dJQkFBS0NBZ0VBeEVNMC9Vb044ZGpPNFdUTHZuQXNvWk1ZQkpoV1RwNWxaaW9IcmFJcGNSbFl5M3dICjdLN09yckV4bVFZbkx0LzVCOFR0NWl5K3gwbC9vQVF0cDJiZ09FWEVVUXd4bFNQaGhQaVBOTUVZMGpHZU5mcEQKSXBEYkFhODVhZXFoelRqRmswM0ZFcnd1K0RrSlFYRlpTNFU0bnA1a3ErakRUa1JSL2hHc1Vremo3b1pMYnFRQQpGdEtsZ2M3UGFjZkJVb2JCMTVRZDhXTkkvSTkxRFBhQ0w0Z0tqK2xJNEhxMXdMckI2eTVmaXg5SDFXT3JMdTkrCkhOSHVXN2pFSURLNEpwMHdiRXpGdzdjbWJtcGI4cm9RVGVZMmxiUS9iZzIweEswdE02U1dsQXFJcTlvVFlKc0QKQmJtTHF2NFdhZDdaemN0clFuR3dPeG56d0EyWUViMmp4QVJXbk5uS05Yb0tyRERBKzQ2UFYyNUZGT1JKaWRQdgorUUUyWmNFOFMwMUxtK2VDcWJtZVl5TEs4Qjc0RHZrMTh4YjJhdnhtL3p4UkNLOGM0WEs0TmI3T2l2d25XV1lKCjJNZjFkNmduZnRSTUFjUitySENIbGZ4VW1hVjg1YWczVlRJNWN2bUswb3c1TlB6Q1h6NE9HNU0rSGgwVUEwSVMKRnJkSW84NHQ4S29jbjJsMlBIMXc2NU45V3ZHR3hOcy9BczFOZmtSSFF2dDg3Z0tabmsrU2laRHRYTUZmdUs5ZQorbDdUclNqRC8zN1ZwTHZMcjlwTjZuUHNMZksrNXVEUHpFWnFJWEN0aDNDalhTZ0l1UkNndlRaMHhvcmE0ditoCmhoR0dvMld3eGUrcVBlOFV1WnJEYWY5dVR1UHVLeEdJcGQ2SGRkR25LekpoZ2dhL3pmOERmV2x6WEZNQ0F3RUEKQVFLQ0FnRUFqUXZydWhpTmV3Q2dkVldXSTAvRWszMzk1ZGVCTjFFWWVGcStWK2ZSdHFsTHFqbUNESFA0cjQxQwpvc0hNU1NESGZQRG5NK04yWEF5VFB2R2h5Y3ZpV2k2eGpybWZySm96eWZkRUc5cW1OdkZYelYwRkFJTndFWDdYCldTbzVqQjQveDhROVhHQ0h0UFp3azJxZGpPdTZMQ3lURndUWno1YkVBajY3UkE1a1JKaVkvM08zYUsrTUtJVHoKaFFiOUJZMDVJL0Fic00zMHR5VjJMcEcrTCtDcURwRE9RaDJPSDJ0WVQrZHMzTFBuVVJFbkJqMHh1ZzZaS2F2WQpyM2NqNXdSU3Q1SlpFblcrbGQyMEpQWFpIOUxSNmJhM1d5VllnM3dkbng2cTVNdkpPeEFubXVic1BpSUJvU3FuCit3QWdNWWorbGFyVXh6UzRlNDZKZWo1NndqV0g5RUFVUmhEODh6UnJxY3JWQmJWQ2d0M3F6NTIva3RON1paN1UKcFc0eEN4dTlTM0pFbjhCTWdqQVA1TllONkZZam1hQnVpU3FpUnZOTFhoNElzdnNsSVU2WFRLMCtKUlNzTktOZApWaC9HY2JRTzFnNkhnTDZFZjBDVHVqYWhhMFZvS1d0bzFvY3BmSUJtSGhDN1RTNHV2SDhpOW9MT3N2SFZsdmM4CmFmWjgrV0lrQXpkTlczbHJ5b0hIeVRiV3lvM0l3eXdleTFOT0VkNEVuazB3Q0RPdDZqekhidDhkM2JnYjhLbGIKNXFLaXpEVStvZFY5UXdqZitOTU4vRGpHcHBGMDBCVld5S1BSVklvNVdWdUNlZGQ2T3VpVXlSREUzSm5GQklKSgo3VFk3bWo0TmdlSFEza1lhR3NEWkhTOXQvb2plbzJta2VLdzlBendxeE9icTlKTkVmQ0VDZ2dFQkFNMHlDVVgrCmNUVzVKMklDc1FvWDdubDdQYVMvdy9oa3lKMzBiSjNhUE0wL3JIbDhlZlVmbEZsU2plbFdwUGVacVc5MFVaeWYKMzAxYk5wN0pacG80NmFkMEhBR3Y4NzQ5VU1oWGdXYmFxMWsrQWU2TGpBZzFrRFVEL1liZjhCQ1dMZ001U0J5UwowS0JTSDB2SVd2ZUUxY2hWNWhrVlFYZ3Qzc3UxKzNMR2hGVDRDVnl0NSsxMEl1MVdySEQ1SWhxSnZaT2R0dkQ0CjZ5SGwvNkNscVc5RmEyOENQRHg2TjNOR3NyQjBLWjhGYmM4UDFPYmUxbXh6NTllbUpqVFlaakpkWlBGa3BxZjAKUEVRcmlNc08yL3BvNi9MZGtubis0WW9zeFFZUFBuNHdIaXBWWWFMaXpVeGo0QUd2aUdyM3MrT2Z0OVlnWGU1ZQp3OXVnaUd5cDl3czFTekVDZ2dFQkFQVGErUEpLYTdUaDdxeVVqNWdJc0dGdjRldUZ3YkM4MHJEdzZkOUc0YlJmCnFPYkw2RFMwN1hFb3FQRUhLK0VtU0w1OWladXgwN2V0VEh2dzJPcWgwRlpka2xmOSt5STV6NGZHclRDc0hPcGgKK283SUlUUzVnQXMraURvUU92eVBrcFRacWd4VndxTlZmUzZVeXpueWtVcGhYZW1zNkVvQ3E1Ymp6NFhBckJGUgpDbkt5V3lpNDdESUhNYjcyRmFLMDlwd0hwRDBmUlhkQ0tuWEdyejlXZit1SkVEVEFwN3VLd2E5bGExYWJNQ0xBClZBR3ZWUXZVTll0T0owMnlPMTlESHAyUTE2TnN4Q2VIaDVIZ3RQbUVZWUY3dk12NjZwWktIQ3FmZTQrS2dQR2IKV0hqVktNajV6cUloUUdvWXlwYzkxakNwekdMLzJVSGVmaVpvNElpNjlzTUNnZ0VCQUpyWWw0YnFiQ1JPaFJuQgpUamgvdHNhVjZmN1pkOW1LdEpuK1Nia1ZaNnk3MER3ZFl5dEhtWHVPZ09rRktaaHZyUjBlZWpmbnJXdUMyY1VaCjF3T3F6eWcreHFPL1ZBREw1SnBLN3F2ZmVFN3dMQ1VIeWJTb054cksyQmRnQnBsOXUxdFRic2VoUXk2NHlrVTEKL08rc25tZC82eFFpcGpVNjZGWnlEajZlOEYzdWo2SVEybVNtcjNUTFkzWWRpMDdiZ3VSU3NDdElyS2Y0R04veQpJOXFFV0g1OUFWZmlJdFlyRTgxMDI3UFZOUGg4eWYwdlRFQ3JkdG1WMkY4b3JuWnpaQ21GK3Yzam9WY1FRenA1CkRDZjc1Wkp4QW9odGYyWDJRdmcvcUxreE5wSmJ2RUpmUk8zUXNNcVUzQzFjbjdPMlk5U0N1RitadzlPSllXb2YKR1A2c1NRRUNnZ0VCQUtLRnBhL016ZWpsL2ZIM09jaUVHKzdRd0hmLzlDeEhhT0doUnRxNHhaOWZ6MUJDRUFMTQpCTDZUYW05eGZ5S1dzcm9kd1hUaWQ5RDI2a2xwOTlEbFRzL0VsQnBycm9GdE5kNjlkTDlWdm11a1ZSYm9wNEhECmpzWG4zNndLa2R5SnY1V2xWRVdUdHZtTENPZ2VRelpYVnpDenFBNHVncEI5YlQ5ZVBxUmMydGt6bldlOEV0M1kKd0k0RVVIU2NDb2hRN1U5cmt3d3U4WURUSGpQR2lSUFZhbHNBUXcyQXd0U3NxUnF1aXF5Vm5VR3p2dzdQUGZmNApCd0pNQWJLRWx2d0lKUTRZMGNqYnJPZEFBakJGb2xuc0VIeE5rV2NqU1Fvd2JybXIyZXZRMXYySFN4WUpCbVUvCnluTzY5bkoxdWlMaEhJWjRiZjFZTFBDWHFjdjgyT3hvak5rQ2dnRUFSU1RXazVaMXF1aUlzcXJpUGtHb2VtZG8KT3J0cGZQcERJdHhkMk1td2JhUTVwVGZBSXBzSzNPcVR6OTU1V25rRjZTTmVCaEpUWnR0clpOWTcxaVBxM1ZJSwpWaFlvR3RoSmFjUzRhdy92YytKczlOejJxejhpSm8vNnpBSHFuWU9Sc3dtV0VkSk9INTRRQ1FtQW4xa241c2N3CkNsNVduQzhDelIvaHkzWGs5QUJBTk4xcDV5anQxeDNoNThjWU1VMTY0SjRSQS9Oa1hTVUFiaEJ0b0ptZFhqcncKZXZKZlJYR08rUzZWL1U1NUxieHE1eDNFbjZaaXV5eDd3b3VkemZ1ZTRNSjlVNllSVEFSYllTTTQzSy9iUVRlNQozVjNyOG41ODF3RENndkV2QjR3MXdXQUNOcFJHNE1IYkorSFFOMWZLdjZobG4rSGd2aXh6MHVQclZJcFhaQT09Ci0tLS0tRU5EIFJTQSBQUklWQVRFIEtFWS0tLS0tCg==\n    token: b1dd8a745e025d2374bfee34a134f586675af3783b0fa53f606ef6c38bb264547c060677307c2fabe0780fecfb3208e94a7f4b6963e741058fa343376bd4ed95\n",
            "kubelet_identity": [
              {
                "client_id": "cea4e846-76c3-4cc8-8be5-d462acd978c3",
                "object_id": "f0b391f9-aec1-4fce-8f26-a574ae665078",
                "user_assigned_identity_id": "/subscriptions/766e3828-314d-4503-a59d-a035baba3829/resourceGroups/MC_AKS-RG_myakslengochieu_australiaeast/providers/Microsoft.ManagedIdentity/userAssignedIdentities/myakslengochieu-agentpool"
              }
            ],
            "kubernetes_version": "1.21.9",
            "linux_profile": [],
            "local_account_disabled": false,
            "location": "australiaeast",
            "maintenance_window": [],
            "name": "myakslengochieu",
            "network_profile": [
              {
                "dns_service_ip": "10.0.0.10",
                "docker_bridge_cidr": "172.17.0.1/16",
                "load_balancer_profile": [
                  {
                    "effective_outbound_ips": [
                      "/subscriptions/766e3828-314d-4503-a59d-a035baba3829/resourceGroups/MC_AKS-RG_myakslengochieu_australiaeast/providers/Microsoft.Network/publicIPAddresses/b291153c-46ec-48e8-bf97-942152d0c78e"
                    ],
                    "idle_timeout_in_minutes": 0,
                    "managed_outbound_ip_count": 1,
                    "outbound_ip_address_ids": [],
                    "outbound_ip_prefix_ids": [],
                    "outbound_ports_allocated": 0
                  }
                ],
                "load_balancer_sku": "Standard",
                "nat_gateway_profile": [],
                "network_mode": "",
                "network_plugin": "kubenet",
                "network_policy": "",
                "outbound_type": "loadBalancer",
                "pod_cidr": "10.244.0.0/16",
                "service_cidr": "10.0.0.0/16"
              }
            ],
            "node_resource_group": "MC_AKS-RG_myakslengochieu_australiaeast",
            "portal_fqdn": "exampleaks1-9023f39e.portal.hcp.australiaeast.azmk8s.io",
            "private_cluster_enabled": false,
            "private_cluster_public_fqdn_enabled": false,
            "private_dns_zone_id": "",
            "private_fqdn": "",
            "private_link_enabled": false,
            "public_network_access_enabled": true,
            "resource_group_name": "AKS-RG",
            "role_based_access_control": [
              {
                "azure_active_directory": [],
                "enabled": false
              }
            ],
            "service_principal": [],
            "sku_tier": "Free",
            "tags": {
              "Environment": "Production"
            },
            "timeouts": null,
            "windows_profile": []
          },
          "sensitive_attributes": [],
          "private": "eyJlMmJmYjczMC1lY2FhLTExZTYtOGY4OC0zNDM2M2JjN2M0YzAiOnsiY3JlYXRlIjo1NDAwMDAwMDAwMDAwLCJkZWxldGUiOjU0MDAwMDAwMDAwMDAsInJlYWQiOjMwMDAwMDAwMDAwMCwidXBkYXRlIjo1NDAwMDAwMDAwMDAwfSwic2NoZW1hX3ZlcnNpb24iOiIxIn0=",
          "dependencies": [
            "azurerm_resource_group.aks_rg"
          ]
        }
      ]
    },
    {
      "mode": "managed",
      "type": "azurerm_linux_virtual_machine",
      "name": "centos_vm",
      "provider": "provider[\"registry.terraform.io/hashicorp/azurerm\"]",
      "instances": [
        {
          "schema_version": 0,
          "attributes": {
            "additional_capabilities": [],
            "admin_password": "Azure@123",
            "admin_ssh_key": [],
            "admin_username": "ac",
            "allow_extension_operations": true,
            "availability_set_id": "",
            "boot_diagnostics": [],
            "computer_name": "centos3",
            "custom_data": null,
            "dedicated_host_id": "",
            "disable_password_authentication": false,
            "encryption_at_host_enabled": false,
            "eviction_policy": "",
            "extensions_time_budget": "PT1H30M",
            "id": "/subscriptions/766e3828-314d-4503-a59d-a035baba3829/resourceGroups/app-grp3/providers/Microsoft.Compute/virtualMachines/centos3",
            "identity": [],
            "license_type": "",
            "location": "eastasia",
            "max_bid_price": -1,
            "name": "centos3",
            "network_interface_ids": [
              "/subscriptions/766e3828-314d-4503-a59d-a035baba3829/resourceGroups/app-grp3/providers/Microsoft.Network/networkInterfaces/app-interface-nic1"
            ],
            "os_disk": [
              {
                "caching": "ReadWrite",
                "diff_disk_settings": [],
                "disk_encryption_set_id": "",
                "disk_size_gb": 30,
                "name": "centos3_OsDisk_1_fd05d04bc3a3469cb97eb0bc590407b5",
                "storage_account_type": "Standard_LRS",
                "write_accelerator_enabled": false
              }
            ],
            "patch_mode": "ImageDefault",
            "plan": [],
            "platform_fault_domain": -1,
            "priority": "Regular",
            "private_ip_address": "10.0.1.5",
            "private_ip_addresses": [
              "10.0.1.5"
            ],
            "provision_vm_agent": true,
            "proximity_placement_group_id": "",
            "public_ip_address": "20.24.81.123",
            "public_ip_addresses": [
              "20.24.81.123"
            ],
            "resource_group_name": "app-grp3",
            "secret": [],
            "secure_boot_enabled": false,
            "size": "Standard_D2s_v3",
            "source_image_id": "",
            "source_image_reference": [
              {
                "offer": "CentOS",
                "publisher": "OpenLogic",
                "sku": "8_5-gen2",
                "version": "latest"
              }
            ],
            "tags": {},
            "timeouts": null,
            "user_data": "",
            "virtual_machine_id": "1fcaca29-bd3e-4c18-81ba-5768e31062e0",
            "virtual_machine_scale_set_id": "",
            "vtpm_enabled": false,
            "zone": ""
          },
          "sensitive_attributes": [],
          "private": "eyJlMmJmYjczMC1lY2FhLTExZTYtOGY4OC0zNDM2M2JjN2M0YzAiOnsiY3JlYXRlIjoyNzAwMDAwMDAwMDAwLCJkZWxldGUiOjI3MDAwMDAwMDAwMDAsInJlYWQiOjMwMDAwMDAwMDAwMCwidXBkYXRlIjoyNzAwMDAwMDAwMDAwfX0=",
          "dependencies": [
            "azurerm_network_interface.app_interface",
            "azurerm_public_ip.app_pubic_ip",
            "azurerm_resource_group.app_grp",
            "azurerm_subnet.SubnetA",
            "azurerm_virtual_network.app_network"
          ]
        }
      ]
    },
    {
      "mode": "managed",
      "type": "azurerm_linux_virtual_machine",
      "name": "linux_vm",
      "provider": "provider[\"registry.terraform.io/hashicorp/azurerm\"]",
      "instances": [
        {
          "schema_version": 0,
          "attributes": {
            "additional_capabilities": [],
            "admin_password": "Azure@123",
            "admin_ssh_key": [],
            "admin_username": "al",
            "allow_extension_operations": true,
            "availability_set_id": "",
            "boot_diagnostics": [],
            "computer_name": "linuxvm3",
            "custom_data": null,
            "dedicated_host_id": "",
            "disable_password_authentication": false,
            "encryption_at_host_enabled": false,
            "eviction_policy": "",
            "extensions_time_budget": "PT1H30M",
            "id": "/subscriptions/766e3828-314d-4503-a59d-a035baba3829/resourceGroups/app-grp3/providers/Microsoft.Compute/virtualMachines/linuxvm3",
            "identity": [],
            "license_type": "",
            "location": "eastasia",
            "max_bid_price": -1,
            "name": "linuxvm3",
            "network_interface_ids": [
              "/subscriptions/766e3828-314d-4503-a59d-a035baba3829/resourceGroups/app-grp3/providers/Microsoft.Network/networkInterfaces/app-interface-nic0"
            ],
            "os_disk": [
              {
                "caching": "ReadWrite",
                "diff_disk_settings": [],
                "disk_encryption_set_id": "",
                "disk_size_gb": 30,
                "name": "linuxvm3_OsDisk_1_888f15a80eb54c88bf06438e950ad6a5",
                "storage_account_type": "Standard_LRS",
                "write_accelerator_enabled": false
              }
            ],
            "patch_mode": "ImageDefault",
            "plan": [],
            "platform_fault_domain": -1,
            "priority": "Regular",
            "private_ip_address": "10.0.1.4",
            "private_ip_addresses": [
              "10.0.1.4"
            ],
            "provision_vm_agent": true,
            "proximity_placement_group_id": "",
            "public_ip_address": "23.102.231.139",
            "public_ip_addresses": [
              "23.102.231.139"
            ],
            "resource_group_name": "app-grp3",
            "secret": [],
            "secure_boot_enabled": false,
            "size": "Standard_B4ms",
            "source_image_id": "",
            "source_image_reference": [
              {
                "offer": "UbuntuServer",
                "publisher": "Canonical",
                "sku": "18.04-LTS",
                "version": "latest"
              }
            ],
            "tags": {},
            "timeouts": null,
            "user_data": "",
            "virtual_machine_id": "6fbc3b5e-7a19-4b65-9059-936be2a8b36a",
            "virtual_machine_scale_set_id": "",
            "vtpm_enabled": false,
            "zone": ""
          },
          "sensitive_attributes": [],
          "private": "eyJlMmJmYjczMC1lY2FhLTExZTYtOGY4OC0zNDM2M2JjN2M0YzAiOnsiY3JlYXRlIjoyNzAwMDAwMDAwMDAwLCJkZWxldGUiOjI3MDAwMDAwMDAwMDAsInJlYWQiOjMwMDAwMDAwMDAwMCwidXBkYXRlIjoyNzAwMDAwMDAwMDAwfX0=",
          "dependencies": [
            "azurerm_network_interface.app_interface",
            "azurerm_public_ip.app_pubic_ip",
            "azurerm_resource_group.app_grp",
            "azurerm_subnet.SubnetA",
            "azurerm_virtual_network.app_network"
          ]
        }
      ]
    },
    {
      "mode": "managed",
      "type": "azurerm_linux_virtual_machine",
      "name": "vm_jenkins",
      "provider": "provider[\"registry.terraform.io/hashicorp/azurerm\"]",
      "instances": [
        {
          "schema_version": 0,
          "attributes": {
            "additional_capabilities": [],
            "admin_password": "Azure@123",
            "admin_ssh_key": [],
            "admin_username": "al",
            "allow_extension_operations": true,
            "availability_set_id": "",
            "boot_diagnostics": [],
            "computer_name": "jenkinsvm",
            "custom_data": null,
            "dedicated_host_id": "",
            "disable_password_authentication": false,
            "encryption_at_host_enabled": false,
            "eviction_policy": "",
            "extensions_time_budget": "PT1H30M",
            "id": "/subscriptions/766e3828-314d-4503-a59d-a035baba3829/resourceGroups/JENKINS-RS/providers/Microsoft.Compute/virtualMachines/jenkinsvm",
            "identity": [],
            "license_type": "",
            "location": "koreacentral",
            "max_bid_price": -1,
            "name": "jenkinsvm",
            "network_interface_ids": [
              "/subscriptions/766e3828-314d-4503-a59d-a035baba3829/resourceGroups/JENKINS-RS/providers/Microsoft.Network/networkInterfaces/app-interface-nic0"
            ],
            "os_disk": [
              {
                "caching": "ReadWrite",
                "diff_disk_settings": [],
                "disk_encryption_set_id": "",
                "disk_size_gb": 30,
                "name": "jenkinsvm_OsDisk_1_19c7eab8d9c74d688cbaac6ca885e062",
                "storage_account_type": "Standard_LRS",
                "write_accelerator_enabled": false
              }
            ],
            "patch_mode": "ImageDefault",
            "plan": [],
            "platform_fault_domain": -1,
            "priority": "Regular",
            "private_ip_address": "10.0.1.4",
            "private_ip_addresses": [
              "10.0.1.4"
            ],
            "provision_vm_agent": true,
            "proximity_placement_group_id": "",
            "public_ip_address": "20.194.3.35",
            "public_ip_addresses": [
              "20.194.3.35"
            ],
            "resource_group_name": "JENKINS-RS",
            "secret": [],
            "secure_boot_enabled": false,
            "size": "Standard_B2s",
            "source_image_id": "",
            "source_image_reference": [
              {
                "offer": "UbuntuServer",
                "publisher": "Canonical",
                "sku": "18.04-LTS",
                "version": "latest"
              }
            ],
            "tags": {},
            "timeouts": null,
            "user_data": "",
            "virtual_machine_id": "b27b6d61-1231-4b2f-bff6-8a0c0532dfbd",
            "virtual_machine_scale_set_id": "",
            "vtpm_enabled": false,
            "zone": ""
          },
          "sensitive_attributes": [],
          "private": "eyJlMmJmYjczMC1lY2FhLTExZTYtOGY4OC0zNDM2M2JjN2M0YzAiOnsiY3JlYXRlIjoyNzAwMDAwMDAwMDAwLCJkZWxldGUiOjI3MDAwMDAwMDAwMDAsInJlYWQiOjMwMDAwMDAwMDAwMCwidXBkYXRlIjoyNzAwMDAwMDAwMDAwfX0=",
          "dependencies": [
            "azurerm_network_interface.nic_jenkins",
            "azurerm_public_ip.public_ip_jenkins",
            "azurerm_resource_group.rs_jenkins",
            "azurerm_subnet.sn_jenkins",
            "azurerm_virtual_network.vn_jenkins"
          ]
        }
      ]
    },
    {
      "mode": "managed",
      "type": "azurerm_network_interface",
      "name": "app_interface",
      "provider": "provider[\"registry.terraform.io/hashicorp/azurerm\"]",
      "instances": [
        {
          "index_key": 0,
          "schema_version": 0,
          "attributes": {
            "applied_dns_servers": [],
            "dns_servers": [],
            "enable_accelerated_networking": false,
            "enable_ip_forwarding": false,
            "id": "/subscriptions/766e3828-314d-4503-a59d-a035baba3829/resourceGroups/app-grp3/providers/Microsoft.Network/networkInterfaces/app-interface-nic0",
            "internal_dns_name_label": "",
            "internal_domain_name_suffix": "",
            "ip_configuration": [
              {
                "gateway_load_balancer_frontend_ip_configuration_id": "",
                "name": "internal",
                "primary": true,
                "private_ip_address": "10.0.1.4",
                "private_ip_address_allocation": "Dynamic",
                "private_ip_address_version": "IPv4",
                "public_ip_address_id": "/subscriptions/766e3828-314d-4503-a59d-a035baba3829/resourceGroups/app-grp3/providers/Microsoft.Network/publicIPAddresses/public_ip0",
                "subnet_id": "/subscriptions/766e3828-314d-4503-a59d-a035baba3829/resourceGroups/app-grp3/providers/Microsoft.Network/virtualNetworks/app-network3/subnets/SubnetA3"
              }
            ],
            "location": "eastasia",
            "mac_address": "00-22-48-17-CB-7D",
            "name": "app-interface-nic0",
            "private_ip_address": "10.0.1.4",
            "private_ip_addresses": [
              "10.0.1.4"
            ],
            "resource_group_name": "app-grp3",
            "tags": {},
            "timeouts": null,
            "virtual_machine_id": "/subscriptions/766e3828-314d-4503-a59d-a035baba3829/resourceGroups/app-grp3/providers/Microsoft.Compute/virtualMachines/linuxvm3"
          },
          "sensitive_attributes": [],
          "private": "eyJlMmJmYjczMC1lY2FhLTExZTYtOGY4OC0zNDM2M2JjN2M0YzAiOnsiY3JlYXRlIjoxODAwMDAwMDAwMDAwLCJkZWxldGUiOjE4MDAwMDAwMDAwMDAsInJlYWQiOjMwMDAwMDAwMDAwMCwidXBkYXRlIjoxODAwMDAwMDAwMDAwfX0=",
          "dependencies": [
            "azurerm_public_ip.app_pubic_ip",
            "azurerm_resource_group.app_grp",
            "azurerm_subnet.SubnetA",
            "azurerm_virtual_network.app_network"
          ]
        },
        {
          "index_key": 1,
          "schema_version": 0,
          "attributes": {
            "applied_dns_servers": [],
            "dns_servers": [],
            "enable_accelerated_networking": false,
            "enable_ip_forwarding": false,
            "id": "/subscriptions/766e3828-314d-4503-a59d-a035baba3829/resourceGroups/app-grp3/providers/Microsoft.Network/networkInterfaces/app-interface-nic1",
            "internal_dns_name_label": "",
            "internal_domain_name_suffix": "btdbtcmlci3uhnq02xs5mh23ng.hx.internal.cloudapp.net",
            "ip_configuration": [
              {
                "gateway_load_balancer_frontend_ip_configuration_id": "",
                "name": "internal",
                "primary": true,
                "private_ip_address": "10.0.1.5",
                "private_ip_address_allocation": "Dynamic",
                "private_ip_address_version": "IPv4",
                "public_ip_address_id": "/subscriptions/766e3828-314d-4503-a59d-a035baba3829/resourceGroups/app-grp3/providers/Microsoft.Network/publicIPAddresses/public_ip1",
                "subnet_id": "/subscriptions/766e3828-314d-4503-a59d-a035baba3829/resourceGroups/app-grp3/providers/Microsoft.Network/virtualNetworks/app-network3/subnets/SubnetA3"
              }
            ],
            "location": "eastasia",
            "mac_address": "00-22-48-17-9B-99",
            "name": "app-interface-nic1",
            "private_ip_address": "10.0.1.5",
            "private_ip_addresses": [
              "10.0.1.5"
            ],
            "resource_group_name": "app-grp3",
            "tags": {},
            "timeouts": null,
            "virtual_machine_id": "/subscriptions/766e3828-314d-4503-a59d-a035baba3829/resourceGroups/app-grp3/providers/Microsoft.Compute/virtualMachines/centos3"
          },
          "sensitive_attributes": [],
          "private": "eyJlMmJmYjczMC1lY2FhLTExZTYtOGY4OC0zNDM2M2JjN2M0YzAiOnsiY3JlYXRlIjoxODAwMDAwMDAwMDAwLCJkZWxldGUiOjE4MDAwMDAwMDAwMDAsInJlYWQiOjMwMDAwMDAwMDAwMCwidXBkYXRlIjoxODAwMDAwMDAwMDAwfX0=",
          "dependencies": [
            "azurerm_public_ip.app_pubic_ip",
            "azurerm_resource_group.app_grp",
            "azurerm_subnet.SubnetA",
            "azurerm_virtual_network.app_network"
          ]
        }
      ]
    },
    {
      "mode": "managed",
      "type": "azurerm_network_interface",
      "name": "nic_jenkins",
      "provider": "provider[\"registry.terraform.io/hashicorp/azurerm\"]",
      "instances": [
        {
          "index_key": 0,
          "schema_version": 0,
          "attributes": {
            "applied_dns_servers": [],
            "dns_servers": [],
            "enable_accelerated_networking": false,
            "enable_ip_forwarding": false,
            "id": "/subscriptions/766e3828-314d-4503-a59d-a035baba3829/resourceGroups/JENKINS-RS/providers/Microsoft.Network/networkInterfaces/app-interface-nic0",
            "internal_dns_name_label": "",
            "internal_domain_name_suffix": "",
            "ip_configuration": [
              {
                "gateway_load_balancer_frontend_ip_configuration_id": "",
                "name": "internal",
                "primary": true,
                "private_ip_address": "10.0.1.4",
                "private_ip_address_allocation": "Dynamic",
                "private_ip_address_version": "IPv4",
                "public_ip_address_id": "/subscriptions/766e3828-314d-4503-a59d-a035baba3829/resourceGroups/JENKINS-RS/providers/Microsoft.Network/publicIPAddresses/public_ip_jenkins0",
                "subnet_id": "/subscriptions/766e3828-314d-4503-a59d-a035baba3829/resourceGroups/JENKINS-RS/providers/Microsoft.Network/virtualNetworks/vn_jenkins/subnets/sn_jenkins"
              }
            ],
            "location": "koreacentral",
            "mac_address": "00-22-48-0E-AD-5F",
            "name": "app-interface-nic0",
            "private_ip_address": "10.0.1.4",
            "private_ip_addresses": [
              "10.0.1.4"
            ],
            "resource_group_name": "JENKINS-RS",
            "tags": {},
            "timeouts": null,
            "virtual_machine_id": "/subscriptions/766e3828-314d-4503-a59d-a035baba3829/resourceGroups/JENKINS-RS/providers/Microsoft.Compute/virtualMachines/jenkinsvm"
          },
          "sensitive_attributes": [],
          "private": "eyJlMmJmYjczMC1lY2FhLTExZTYtOGY4OC0zNDM2M2JjN2M0YzAiOnsiY3JlYXRlIjoxODAwMDAwMDAwMDAwLCJkZWxldGUiOjE4MDAwMDAwMDAwMDAsInJlYWQiOjMwMDAwMDAwMDAwMCwidXBkYXRlIjoxODAwMDAwMDAwMDAwfX0=",
          "dependencies": [
            "azurerm_public_ip.public_ip_jenkins",
            "azurerm_resource_group.rs_jenkins",
            "azurerm_subnet.sn_jenkins",
            "azurerm_virtual_network.vn_jenkins"
          ]
        }
      ]
    },
    {
      "mode": "managed",
      "type": "azurerm_postgresql_database",
      "name": "example",
      "provider": "provider[\"registry.terraform.io/hashicorp/azurerm\"]",
      "instances": [
        {
          "schema_version": 0,
          "attributes": {
            "charset": "UTF8",
            "collation": "English_United States.1252",
            "id": "/subscriptions/766e3828-314d-4503-a59d-a035baba3829/resourceGroups/DB-RG/providers/Microsoft.DBforPostgreSQL/servers/psqlserverlengochieu1356/databases/psqldblengochieu1356",
            "name": "psqldblengochieu1356",
            "resource_group_name": "DB-RG",
            "server_name": "psqlserverlengochieu1356",
            "timeouts": null
          },
          "sensitive_attributes": [],
          "private": "eyJlMmJmYjczMC1lY2FhLTExZTYtOGY4OC0zNDM2M2JjN2M0YzAiOnsiY3JlYXRlIjozNjAwMDAwMDAwMDAwLCJkZWxldGUiOjM2MDAwMDAwMDAwMDAsInJlYWQiOjMwMDAwMDAwMDAwMCwidXBkYXRlIjozNjAwMDAwMDAwMDAwfX0=",
          "dependencies": [
            "azurerm_postgresql_server.example",
            "azurerm_resource_group.example"
          ]
        }
      ]
    },
    {
      "mode": "managed",
      "type": "azurerm_postgresql_server",
      "name": "example",
      "provider": "provider[\"registry.terraform.io/hashicorp/azurerm\"]",
      "instances": [
        {
          "schema_version": 0,
          "attributes": {
            "administrator_login": "adminpsql",
            "administrator_login_password": "Azure@123",
            "auto_grow_enabled": true,
            "backup_retention_days": 7,
            "create_mode": "Default",
            "creation_source_server_id": null,
            "fqdn": "psqlserverlengochieu1356.postgres.database.azure.com",
            "geo_redundant_backup_enabled": false,
            "id": "/subscriptions/766e3828-314d-4503-a59d-a035baba3829/resourceGroups/DB-RG/providers/Microsoft.DBforPostgreSQL/servers/psqlserverlengochieu1356",
            "identity": [],
            "infrastructure_encryption_enabled": false,
            "location": "uaenorth",
            "name": "psqlserverlengochieu1356",
            "public_network_access_enabled": true,
            "resource_group_name": "DB-RG",
            "restore_point_in_time": null,
            "sku_name": "B_Gen5_2",
            "ssl_enforcement": "Enabled",
            "ssl_enforcement_enabled": true,
            "ssl_minimal_tls_version_enforced": "TLSEnforcementDisabled",
            "storage_mb": 5120,
            "storage_profile": [
              {
                "auto_grow": "Enabled",
                "backup_retention_days": 7,
                "geo_redundant_backup": "Disabled",
                "storage_mb": 5120
              }
            ],
            "tags": {},
            "threat_detection_policy": [],
            "timeouts": null,
            "version": "9.5"
          },
          "sensitive_attributes": [],
          "private": "eyJlMmJmYjczMC1lY2FhLTExZTYtOGY4OC0zNDM2M2JjN2M0YzAiOnsiY3JlYXRlIjozNjAwMDAwMDAwMDAwLCJkZWxldGUiOjM2MDAwMDAwMDAwMDAsInJlYWQiOjMwMDAwMDAwMDAwMCwidXBkYXRlIjozNjAwMDAwMDAwMDAwfX0=",
          "dependencies": [
            "azurerm_resource_group.example"
          ]
        }
      ]
    },
    {
      "mode": "managed",
      "type": "azurerm_public_ip",
      "name": "app_pubic_ip",
      "provider": "provider[\"registry.terraform.io/hashicorp/azurerm\"]",
      "instances": [
        {
          "index_key": 0,
          "schema_version": 0,
          "attributes": {
            "allocation_method": "Static",
            "availability_zone": "No-Zone",
            "domain_name_label": null,
            "fqdn": null,
            "id": "/subscriptions/766e3828-314d-4503-a59d-a035baba3829/resourceGroups/app-grp3/providers/Microsoft.Network/publicIPAddresses/public_ip0",
            "idle_timeout_in_minutes": 4,
            "ip_address": "23.102.231.139",
            "ip_tags": {},
            "ip_version": "IPv4",
            "location": "eastasia",
            "name": "public_ip0",
            "public_ip_prefix_id": null,
            "resource_group_name": "app-grp3",
            "reverse_fqdn": null,
            "sku": "Basic",
            "sku_tier": "Regional",
            "tags": {},
            "timeouts": null,
            "zones": []
          },
          "sensitive_attributes": [],
          "private": "eyJlMmJmYjczMC1lY2FhLTExZTYtOGY4OC0zNDM2M2JjN2M0YzAiOnsiY3JlYXRlIjoxODAwMDAwMDAwMDAwLCJkZWxldGUiOjE4MDAwMDAwMDAwMDAsInJlYWQiOjMwMDAwMDAwMDAwMCwidXBkYXRlIjoxODAwMDAwMDAwMDAwfX0=",
          "dependencies": [
            "azurerm_resource_group.app_grp"
          ]
        },
        {
          "index_key": 1,
          "schema_version": 0,
          "attributes": {
            "allocation_method": "Static",
            "availability_zone": "No-Zone",
            "domain_name_label": null,
            "fqdn": null,
            "id": "/subscriptions/766e3828-314d-4503-a59d-a035baba3829/resourceGroups/app-grp3/providers/Microsoft.Network/publicIPAddresses/public_ip1",
            "idle_timeout_in_minutes": 4,
            "ip_address": "20.24.81.123",
            "ip_tags": {},
            "ip_version": "IPv4",
            "location": "eastasia",
            "name": "public_ip1",
            "public_ip_prefix_id": null,
            "resource_group_name": "app-grp3",
            "reverse_fqdn": null,
            "sku": "Basic",
            "sku_tier": "Regional",
            "tags": {},
            "timeouts": null,
            "zones": []
          },
          "sensitive_attributes": [],
          "private": "eyJlMmJmYjczMC1lY2FhLTExZTYtOGY4OC0zNDM2M2JjN2M0YzAiOnsiY3JlYXRlIjoxODAwMDAwMDAwMDAwLCJkZWxldGUiOjE4MDAwMDAwMDAwMDAsInJlYWQiOjMwMDAwMDAwMDAwMCwidXBkYXRlIjoxODAwMDAwMDAwMDAwfX0=",
          "dependencies": [
            "azurerm_resource_group.app_grp"
          ]
        }
      ]
    },
    {
      "mode": "managed",
      "type": "azurerm_public_ip",
      "name": "public_ip_jenkins",
      "provider": "provider[\"registry.terraform.io/hashicorp/azurerm\"]",
      "instances": [
        {
          "index_key": 0,
          "schema_version": 0,
          "attributes": {
            "allocation_method": "Static",
            "availability_zone": "No-Zone",
            "domain_name_label": null,
            "fqdn": null,
            "id": "/subscriptions/766e3828-314d-4503-a59d-a035baba3829/resourceGroups/JENKINS-RS/providers/Microsoft.Network/publicIPAddresses/public_ip_jenkins0",
            "idle_timeout_in_minutes": 4,
            "ip_address": "20.194.3.35",
            "ip_tags": {},
            "ip_version": "IPv4",
            "location": "koreacentral",
            "name": "public_ip_jenkins0",
            "public_ip_prefix_id": null,
            "resource_group_name": "JENKINS-RS",
            "reverse_fqdn": null,
            "sku": "Basic",
            "sku_tier": "Regional",
            "tags": {},
            "timeouts": null,
            "zones": []
          },
          "sensitive_attributes": [],
          "private": "eyJlMmJmYjczMC1lY2FhLTExZTYtOGY4OC0zNDM2M2JjN2M0YzAiOnsiY3JlYXRlIjoxODAwMDAwMDAwMDAwLCJkZWxldGUiOjE4MDAwMDAwMDAwMDAsInJlYWQiOjMwMDAwMDAwMDAwMCwidXBkYXRlIjoxODAwMDAwMDAwMDAwfX0=",
          "dependencies": [
            "azurerm_resource_group.rs_jenkins"
          ]
        }
      ]
    },
    {
      "mode": "managed",
      "type": "azurerm_resource_group",
      "name": "aks_rg",
      "provider": "provider[\"registry.terraform.io/hashicorp/azurerm\"]",
      "instances": [
        {
          "schema_version": 0,
          "attributes": {
            "id": "/subscriptions/766e3828-314d-4503-a59d-a035baba3829/resourceGroups/AKS-RG",
            "location": "australiaeast",
            "name": "AKS-RG",
            "tags": {},
            "timeouts": null
          },
          "sensitive_attributes": [],
          "private": "eyJlMmJmYjczMC1lY2FhLTExZTYtOGY4OC0zNDM2M2JjN2M0YzAiOnsiY3JlYXRlIjo1NDAwMDAwMDAwMDAwLCJkZWxldGUiOjU0MDAwMDAwMDAwMDAsInJlYWQiOjMwMDAwMDAwMDAwMCwidXBkYXRlIjo1NDAwMDAwMDAwMDAwfX0="
        }
      ]
    },
    {
      "mode": "managed",
      "type": "azurerm_resource_group",
      "name": "app_grp",
      "provider": "provider[\"registry.terraform.io/hashicorp/azurerm\"]",
      "instances": [
        {
          "schema_version": 0,
          "attributes": {
            "id": "/subscriptions/766e3828-314d-4503-a59d-a035baba3829/resourceGroups/app-grp3",
            "location": "eastasia",
            "name": "app-grp3",
            "tags": {},
            "timeouts": null
          },
          "sensitive_attributes": [],
          "private": "eyJlMmJmYjczMC1lY2FhLTExZTYtOGY4OC0zNDM2M2JjN2M0YzAiOnsiY3JlYXRlIjo1NDAwMDAwMDAwMDAwLCJkZWxldGUiOjU0MDAwMDAwMDAwMDAsInJlYWQiOjMwMDAwMDAwMDAwMCwidXBkYXRlIjo1NDAwMDAwMDAwMDAwfX0="
        }
      ]
    },
    {
      "mode": "managed",
      "type": "azurerm_resource_group",
      "name": "example",
      "provider": "provider[\"registry.terraform.io/hashicorp/azurerm\"]",
      "instances": [
        {
          "schema_version": 0,
          "attributes": {
            "id": "/subscriptions/766e3828-314d-4503-a59d-a035baba3829/resourceGroups/DB-RG",
            "location": "uaenorth",
            "name": "DB-RG",
            "tags": {},
            "timeouts": null
          },
          "sensitive_attributes": [],
          "private": "eyJlMmJmYjczMC1lY2FhLTExZTYtOGY4OC0zNDM2M2JjN2M0YzAiOnsiY3JlYXRlIjo1NDAwMDAwMDAwMDAwLCJkZWxldGUiOjU0MDAwMDAwMDAwMDAsInJlYWQiOjMwMDAwMDAwMDAwMCwidXBkYXRlIjo1NDAwMDAwMDAwMDAwfX0="
        }
      ]
    },
    {
      "mode": "managed",
      "type": "azurerm_resource_group",
      "name": "rs_jenkins",
      "provider": "provider[\"registry.terraform.io/hashicorp/azurerm\"]",
      "instances": [
        {
          "schema_version": 0,
          "attributes": {
            "id": "/subscriptions/766e3828-314d-4503-a59d-a035baba3829/resourceGroups/JENKINS-RS",
            "location": "koreacentral",
            "name": "JENKINS-RS",
            "tags": {},
            "timeouts": null
          },
          "sensitive_attributes": [],
          "private": "eyJlMmJmYjczMC1lY2FhLTExZTYtOGY4OC0zNDM2M2JjN2M0YzAiOnsiY3JlYXRlIjo1NDAwMDAwMDAwMDAwLCJkZWxldGUiOjU0MDAwMDAwMDAwMDAsInJlYWQiOjMwMDAwMDAwMDAwMCwidXBkYXRlIjo1NDAwMDAwMDAwMDAwfX0="
        }
      ]
    },
    {
      "mode": "managed",
      "type": "azurerm_role_assignment",
      "name": "aks_role",
      "provider": "provider[\"registry.terraform.io/hashicorp/azurerm\"]",
      "instances": [
        {
          "schema_version": 0,
          "attributes": {
            "condition": "",
            "condition_version": "",
            "delegated_managed_identity_resource_id": "",
            "description": "",
            "id": "/subscriptions/766e3828-314d-4503-a59d-a035baba3829/resourceGroups/AKS-RG/providers/Microsoft.ContainerRegistry/registries/acrlengochieu/providers/Microsoft.Authorization/roleAssignments/dcdd9537-ff9e-6fc5-156f-d18a74412cfe",
            "name": "dcdd9537-ff9e-6fc5-156f-d18a74412cfe",
            "principal_id": "f0b391f9-aec1-4fce-8f26-a574ae665078",
            "principal_type": "ServicePrincipal",
            "role_definition_id": "/subscriptions/766e3828-314d-4503-a59d-a035baba3829/providers/Microsoft.Authorization/roleDefinitions/7f951dda-4ed3-4680-a7ca-43fe172d538d",
            "role_definition_name": "AcrPull",
            "scope": "/subscriptions/766e3828-314d-4503-a59d-a035baba3829/resourceGroups/AKS-RG/providers/Microsoft.ContainerRegistry/registries/acrlengochieu",
            "skip_service_principal_aad_check": true,
            "timeouts": null
          },
          "sensitive_attributes": [],
          "private": "eyJlMmJmYjczMC1lY2FhLTExZTYtOGY4OC0zNDM2M2JjN2M0YzAiOnsiY3JlYXRlIjoxODAwMDAwMDAwMDAwLCJkZWxldGUiOjE4MDAwMDAwMDAwMDAsInJlYWQiOjMwMDAwMDAwMDAwMCwidXBkYXRlIjoxODAwMDAwMDAwMDAwfX0=",
          "dependencies": [
            "azurerm_container_registry.acr",
            "azurerm_kubernetes_cluster.aks",
            "azurerm_resource_group.aks_rg"
          ]
        }
      ]
    },
    {
      "mode": "managed",
      "type": "azurerm_subnet",
      "name": "SubnetA",
      "provider": "provider[\"registry.terraform.io/hashicorp/azurerm\"]",
      "instances": [
        {
          "schema_version": 0,
          "attributes": {
            "address_prefix": "10.0.1.0/24",
            "address_prefixes": [
              "10.0.1.0/24"
            ],
            "delegation": [],
            "enforce_private_link_endpoint_network_policies": false,
            "enforce_private_link_service_network_policies": false,
            "id": "/subscriptions/766e3828-314d-4503-a59d-a035baba3829/resourceGroups/app-grp3/providers/Microsoft.Network/virtualNetworks/app-network3/subnets/SubnetA3",
            "name": "SubnetA3",
            "resource_group_name": "app-grp3",
            "service_endpoint_policy_ids": [],
            "service_endpoints": [],
            "timeouts": null,
            "virtual_network_name": "app-network3"
          },
          "sensitive_attributes": [],
          "private": "eyJlMmJmYjczMC1lY2FhLTExZTYtOGY4OC0zNDM2M2JjN2M0YzAiOnsiY3JlYXRlIjoxODAwMDAwMDAwMDAwLCJkZWxldGUiOjE4MDAwMDAwMDAwMDAsInJlYWQiOjMwMDAwMDAwMDAwMCwidXBkYXRlIjoxODAwMDAwMDAwMDAwfX0=",
          "dependencies": [
            "azurerm_resource_group.app_grp",
            "azurerm_virtual_network.app_network"
          ]
        }
      ]
    },
    {
      "mode": "managed",
      "type": "azurerm_subnet",
      "name": "sn_jenkins",
      "provider": "provider[\"registry.terraform.io/hashicorp/azurerm\"]",
      "instances": [
        {
          "schema_version": 0,
          "attributes": {
            "address_prefix": "10.0.1.0/24",
            "address_prefixes": [
              "10.0.1.0/24"
            ],
            "delegation": [],
            "enforce_private_link_endpoint_network_policies": false,
            "enforce_private_link_service_network_policies": false,
            "id": "/subscriptions/766e3828-314d-4503-a59d-a035baba3829/resourceGroups/JENKINS-RS/providers/Microsoft.Network/virtualNetworks/vn_jenkins/subnets/sn_jenkins",
            "name": "sn_jenkins",
            "resource_group_name": "JENKINS-RS",
            "service_endpoint_policy_ids": [],
            "service_endpoints": [],
            "timeouts": null,
            "virtual_network_name": "vn_jenkins"
          },
          "sensitive_attributes": [],
          "private": "eyJlMmJmYjczMC1lY2FhLTExZTYtOGY4OC0zNDM2M2JjN2M0YzAiOnsiY3JlYXRlIjoxODAwMDAwMDAwMDAwLCJkZWxldGUiOjE4MDAwMDAwMDAwMDAsInJlYWQiOjMwMDAwMDAwMDAwMCwidXBkYXRlIjoxODAwMDAwMDAwMDAwfX0=",
          "dependencies": [
            "azurerm_resource_group.rs_jenkins",
            "azurerm_virtual_network.vn_jenkins"
          ]
        }
      ]
    },
    {
      "mode": "managed",
      "type": "azurerm_virtual_network",
      "name": "app_network",
      "provider": "provider[\"registry.terraform.io/hashicorp/azurerm\"]",
      "instances": [
        {
          "schema_version": 0,
          "attributes": {
            "address_space": [
              "10.0.0.0/16"
            ],
            "bgp_community": "",
            "ddos_protection_plan": [],
            "dns_servers": [],
            "flow_timeout_in_minutes": 0,
            "guid": "8919c60c-128b-433b-b61a-e5e5f61f9d6e",
            "id": "/subscriptions/766e3828-314d-4503-a59d-a035baba3829/resourceGroups/app-grp3/providers/Microsoft.Network/virtualNetworks/app-network3",
            "location": "eastasia",
            "name": "app-network3",
            "resource_group_name": "app-grp3",
            "subnet": [
              {
                "address_prefix": "10.0.1.0/24",
                "id": "/subscriptions/766e3828-314d-4503-a59d-a035baba3829/resourceGroups/app-grp3/providers/Microsoft.Network/virtualNetworks/app-network3/subnets/SubnetA3",
                "name": "SubnetA3",
                "security_group": ""
              }
            ],
            "tags": {},
            "timeouts": null,
            "vm_protection_enabled": false
          },
          "sensitive_attributes": [],
          "private": "eyJlMmJmYjczMC1lY2FhLTExZTYtOGY4OC0zNDM2M2JjN2M0YzAiOnsiY3JlYXRlIjoxODAwMDAwMDAwMDAwLCJkZWxldGUiOjE4MDAwMDAwMDAwMDAsInJlYWQiOjMwMDAwMDAwMDAwMCwidXBkYXRlIjoxODAwMDAwMDAwMDAwfX0=",
          "dependencies": [
            "azurerm_resource_group.app_grp"
          ]
        }
      ]
    },
    {
      "mode": "managed",
      "type": "azurerm_virtual_network",
      "name": "vn_jenkins",
      "provider": "provider[\"registry.terraform.io/hashicorp/azurerm\"]",
      "instances": [
        {
          "schema_version": 0,
          "attributes": {
            "address_space": [
              "10.0.0.0/16"
            ],
            "bgp_community": "",
            "ddos_protection_plan": [],
            "dns_servers": [],
            "flow_timeout_in_minutes": 0,
            "guid": "2e980e40-caaa-40f4-bad3-3a47c53f6e69",
            "id": "/subscriptions/766e3828-314d-4503-a59d-a035baba3829/resourceGroups/JENKINS-RS/providers/Microsoft.Network/virtualNetworks/vn_jenkins",
            "location": "koreacentral",
            "name": "vn_jenkins",
            "resource_group_name": "JENKINS-RS",
            "subnet": [
              {
                "address_prefix": "10.0.1.0/24",
                "id": "/subscriptions/766e3828-314d-4503-a59d-a035baba3829/resourceGroups/JENKINS-RS/providers/Microsoft.Network/virtualNetworks/vn_jenkins/subnets/sn_jenkins",
                "name": "sn_jenkins",
                "security_group": ""
              }
            ],
            "tags": {},
            "timeouts": null,
            "vm_protection_enabled": false
          },
          "sensitive_attributes": [],
          "private": "eyJlMmJmYjczMC1lY2FhLTExZTYtOGY4OC0zNDM2M2JjN2M0YzAiOnsiY3JlYXRlIjoxODAwMDAwMDAwMDAwLCJkZWxldGUiOjE4MDAwMDAwMDAwMDAsInJlYWQiOjMwMDAwMDAwMDAwMCwidXBkYXRlIjoxODAwMDAwMDAwMDAwfX0=",
          "dependencies": [
            "azurerm_resource_group.rs_jenkins"
          ]
        }
      ]
    },
    {
      "mode": "managed",
      "type": "null_resource",
      "name": "install_and_run_ansible",
      "provider": "provider[\"registry.terraform.io/hashicorp/null\"]",
      "instances": [
        {
          "status": "tainted",
          "schema_version": 0,
          "attributes": {
            "id": "3850597250575571096",
            "triggers": null
          },
          "sensitive_attributes": [],
          "private": "bnVsbA==",
          "dependencies": [
            "azurerm_linux_virtual_machine.centos_vm"
          ]
        }
      ]
    }
  ]
}
